// !$*UTF8*$!
{
	archiveVersion = 1;
	classes = {
	};
	objectVersion = 56;
	objects = {

/* Begin PBXBuildFile section */
		D22C785129CA124B007B2C1D /* HomeNewProductSectionCollectionViewCell.swift in Sources */ = {isa = PBXBuildFile; fileRef = D22C785029CA124B007B2C1D /* HomeNewProductSectionCollectionViewCell.swift */; };
		D22C785329CA126D007B2C1D /* HomeNewCategorySectionCollectionViewCell.swift in Sources */ = {isa = PBXBuildFile; fileRef = D22C785229CA126D007B2C1D /* HomeNewCategorySectionCollectionViewCell.swift */; };
		D22C785529CA1280007B2C1D /* HomeNewProductCollectionViewCell.swift in Sources */ = {isa = PBXBuildFile; fileRef = D22C785429CA1280007B2C1D /* HomeNewProductCollectionViewCell.swift */; };
		D22C785829CA9594007B2C1D /* HomeNewCategoryCollectionViewCell.swift in Sources */ = {isa = PBXBuildFile; fileRef = D22C785729CA9594007B2C1D /* HomeNewCategoryCollectionViewCell.swift */; };
		D22C785A29CA95A8007B2C1D /* HomeNewCategoryHeaderView.swift in Sources */ = {isa = PBXBuildFile; fileRef = D22C785929CA95A8007B2C1D /* HomeNewCategoryHeaderView.swift */; };
		D22C785C29CA9964007B2C1D /* HomeNewADSectionCollectionViewCell.swift in Sources */ = {isa = PBXBuildFile; fileRef = D22C785B29CA9964007B2C1D /* HomeNewADSectionCollectionViewCell.swift */; };
		D230CD8729C18B4D008731C2 /* HomeKurlyRecommandViewController.swift in Sources */ = {isa = PBXBuildFile; fileRef = D230CD8629C18B4D008731C2 /* HomeKurlyRecommandViewController.swift */; };
		D230CD8A29C18B7B008731C2 /* HomeKurlyRecommandView.swift in Sources */ = {isa = PBXBuildFile; fileRef = D230CD8929C18B7B008731C2 /* HomeKurlyRecommandView.swift */; };
		D230CD8D29C18BD6008731C2 /* HomeNewViewController.swift in Sources */ = {isa = PBXBuildFile; fileRef = D230CD8C29C18BD6008731C2 /* HomeNewViewController.swift */; };
		D230CD8F29C18BE6008731C2 /* HomeNewProductView.swift in Sources */ = {isa = PBXBuildFile; fileRef = D230CD8E29C18BE6008731C2 /* HomeNewProductView.swift */; };
		D230CD9429C19D6E008731C2 /* HomeBestViewController.swift in Sources */ = {isa = PBXBuildFile; fileRef = D230CD9329C19D6E008731C2 /* HomeBestViewController.swift */; };
		D230CD9629C19D94008731C2 /* HomeThritfyShoppingViewController.swift in Sources */ = {isa = PBXBuildFile; fileRef = D230CD9529C19D94008731C2 /* HomeThritfyShoppingViewController.swift */; };
		D230CD9829C19DAB008731C2 /* HomeDiscountViewController.swift in Sources */ = {isa = PBXBuildFile; fileRef = D230CD9729C19DAB008731C2 /* HomeDiscountViewController.swift */; };
		D230CD9A29C19E01008731C2 /* HomeBestView.swift in Sources */ = {isa = PBXBuildFile; fileRef = D230CD9929C19E01008731C2 /* HomeBestView.swift */; };
		D230CD9C29C19E14008731C2 /* HomeThriftyShoppingView.swift in Sources */ = {isa = PBXBuildFile; fileRef = D230CD9B29C19E14008731C2 /* HomeThriftyShoppingView.swift */; };
		D230CD9E29C19E23008731C2 /* HomeDiscountView.swift in Sources */ = {isa = PBXBuildFile; fileRef = D230CD9D29C19E23008731C2 /* HomeDiscountView.swift */; };
		D2B4F8FE29B7B1CC008D7A38 /* AppDelegate.swift in Sources */ = {isa = PBXBuildFile; fileRef = D2B4F8FD29B7B1CC008D7A38 /* AppDelegate.swift */; };
		D2B4F90029B7B1CC008D7A38 /* SceneDelegate.swift in Sources */ = {isa = PBXBuildFile; fileRef = D2B4F8FF29B7B1CC008D7A38 /* SceneDelegate.swift */; };
		D2B4F90529B7B1CC008D7A38 /* Main.storyboard in Resources */ = {isa = PBXBuildFile; fileRef = D2B4F90329B7B1CC008D7A38 /* Main.storyboard */; };
		D2B4F90729B7B1CD008D7A38 /* Assets.xcassets in Resources */ = {isa = PBXBuildFile; fileRef = D2B4F90629B7B1CD008D7A38 /* Assets.xcassets */; };
		D2B4F90A29B7B1CD008D7A38 /* LaunchScreen.storyboard in Resources */ = {isa = PBXBuildFile; fileRef = D2B4F90829B7B1CD008D7A38 /* LaunchScreen.storyboard */; };
		D2B4F92329B8175E008D7A38 /* UIView+.swift in Sources */ = {isa = PBXBuildFile; fileRef = D2B4F92229B8175E008D7A38 /* UIView+.swift */; };
		D2B4F92529B81792008D7A38 /* UITableViewCell+.swift in Sources */ = {isa = PBXBuildFile; fileRef = D2B4F92429B81792008D7A38 /* UITableViewCell+.swift */; };
		D2B4F92729B817AC008D7A38 /* UICollectionViewCell+.swift in Sources */ = {isa = PBXBuildFile; fileRef = D2B4F92629B817AC008D7A38 /* UICollectionViewCell+.swift */; };
		D2B4F92929B817D0008D7A38 /* UITextField+.swift in Sources */ = {isa = PBXBuildFile; fileRef = D2B4F92829B817D0008D7A38 /* UITextField+.swift */; };
		D2B4F92B29B81810008D7A38 /* UICollectionReusableView.swift in Sources */ = {isa = PBXBuildFile; fileRef = D2B4F92A29B81810008D7A38 /* UICollectionReusableView.swift */; };
		D2B4F92D29B81831008D7A38 /* UITableViewHeaderFooterView.swift in Sources */ = {isa = PBXBuildFile; fileRef = D2B4F92C29B81831008D7A38 /* UITableViewHeaderFooterView.swift */; };
		D2B4F93029B81B10008D7A38 /* Then in Frameworks */ = {isa = PBXBuildFile; productRef = D2B4F92F29B81B10008D7A38 /* Then */; };
		D2B4F93329B81B2D008D7A38 /* SnapKit in Frameworks */ = {isa = PBXBuildFile; productRef = D2B4F93229B81B2D008D7A38 /* SnapKit */; };
		D2CF3E5C29C168D300EAFCC3 /* HomeTopbarView.swift in Sources */ = {isa = PBXBuildFile; fileRef = D2CF3E5B29C168D300EAFCC3 /* HomeTopbarView.swift */; };
		D2CF3E5E29C16A0C00EAFCC3 /* SharpTabbarView.swift in Sources */ = {isa = PBXBuildFile; fileRef = D2CF3E5D29C16A0C00EAFCC3 /* SharpTabbarView.swift */; };
		D2CF3E6029C16A2700EAFCC3 /* MenuTabbarView.swift in Sources */ = {isa = PBXBuildFile; fileRef = D2CF3E5F29C16A2700EAFCC3 /* MenuTabbarView.swift */; };
		D2CF3E6229C16A3500EAFCC3 /* MyTabbarView.swift in Sources */ = {isa = PBXBuildFile; fileRef = D2CF3E6129C16A3500EAFCC3 /* MyTabbarView.swift */; };
		D2CF3E6429C16A5000EAFCC3 /* SearchTabbarView.swift in Sources */ = {isa = PBXBuildFile; fileRef = D2CF3E6329C16A5000EAFCC3 /* SearchTabbarView.swift */; };
		D2D794FD29BF8DDD00F11693 /* SearchTabBarController.swift in Sources */ = {isa = PBXBuildFile; fileRef = D2D794FC29BF8DDD00F11693 /* SearchTabBarController.swift */; };
		D2D794FF29BF8E1500F11693 /* MyTabBarController.swift in Sources */ = {isa = PBXBuildFile; fileRef = D2D794FE29BF8E1500F11693 /* MyTabBarController.swift */; };
		D2D7950129BF8E2D00F11693 /* MenuTabBarController.swift in Sources */ = {isa = PBXBuildFile; fileRef = D2D7950029BF8E2D00F11693 /* MenuTabBarController.swift */; };
		D2D7950329BF8E4200F11693 /* SharpTabBarController.swift in Sources */ = {isa = PBXBuildFile; fileRef = D2D7950229BF8E4200F11693 /* SharpTabBarController.swift */; };
		D2D7950529BF8E5A00F11693 /* HomeViewController.swift in Sources */ = {isa = PBXBuildFile; fileRef = D2D7950429BF8E5A00F11693 /* HomeViewController.swift */; };
		D2D7950729BF8E7400F11693 /* KurlyTabBarController.swift in Sources */ = {isa = PBXBuildFile; fileRef = D2D7950629BF8E7400F11693 /* KurlyTabBarController.swift */; };
		D2D7950929BF8FBB00F11693 /* Image.swift in Sources */ = {isa = PBXBuildFile; fileRef = D2D7950829BF8FBB00F11693 /* Image.swift */; };
		D2D7950B29BF923300F11693 /* BaseViewController.swift in Sources */ = {isa = PBXBuildFile; fileRef = D2D7950A29BF923300F11693 /* BaseViewController.swift */; };
		D2E4C53429C1C92F00695B1E /* HomePageTabbarCollectionViewCell.swift in Sources */ = {isa = PBXBuildFile; fileRef = D2E4C53329C1C92F00695B1E /* HomePageTabbarCollectionViewCell.swift */; };
		D2E4C53729C3799E00695B1E /* HomePageTabbarModel.swift in Sources */ = {isa = PBXBuildFile; fileRef = D2E4C53629C3799E00695B1E /* HomePageTabbarModel.swift */; };
		D2E4C53929C4131400695B1E /* HomePageTabbarViewModel.swift in Sources */ = {isa = PBXBuildFile; fileRef = D2E4C53829C4131400695B1E /* HomePageTabbarViewModel.swift */; };
/* End PBXBuildFile section */

/* Begin PBXFileReference section */
		D22C785029CA124B007B2C1D /* HomeNewProductSectionCollectionViewCell.swift */ = {isa = PBXFileReference; lastKnownFileType = sourcecode.swift; path = HomeNewProductSectionCollectionViewCell.swift; sourceTree = "<group>"; };
		D22C785229CA126D007B2C1D /* HomeNewCategorySectionCollectionViewCell.swift */ = {isa = PBXFileReference; lastKnownFileType = sourcecode.swift; path = HomeNewCategorySectionCollectionViewCell.swift; sourceTree = "<group>"; };
		D22C785429CA1280007B2C1D /* HomeNewProductCollectionViewCell.swift */ = {isa = PBXFileReference; lastKnownFileType = sourcecode.swift; path = HomeNewProductCollectionViewCell.swift; sourceTree = "<group>"; };
		D22C785729CA9594007B2C1D /* HomeNewCategoryCollectionViewCell.swift */ = {isa = PBXFileReference; lastKnownFileType = sourcecode.swift; path = HomeNewCategoryCollectionViewCell.swift; sourceTree = "<group>"; };
		D22C785929CA95A8007B2C1D /* HomeNewCategoryHeaderView.swift */ = {isa = PBXFileReference; lastKnownFileType = sourcecode.swift; path = HomeNewCategoryHeaderView.swift; sourceTree = "<group>"; };
		D22C785B29CA9964007B2C1D /* HomeNewADSectionCollectionViewCell.swift */ = {isa = PBXFileReference; lastKnownFileType = sourcecode.swift; path = HomeNewADSectionCollectionViewCell.swift; sourceTree = "<group>"; };
		D230CD8629C18B4D008731C2 /* HomeKurlyRecommandViewController.swift */ = {isa = PBXFileReference; lastKnownFileType = sourcecode.swift; path = HomeKurlyRecommandViewController.swift; sourceTree = "<group>"; };
		D230CD8929C18B7B008731C2 /* HomeKurlyRecommandView.swift */ = {isa = PBXFileReference; lastKnownFileType = sourcecode.swift; path = HomeKurlyRecommandView.swift; sourceTree = "<group>"; };
		D230CD8C29C18BD6008731C2 /* HomeNewViewController.swift */ = {isa = PBXFileReference; lastKnownFileType = sourcecode.swift; path = HomeNewViewController.swift; sourceTree = "<group>"; };
		D230CD8E29C18BE6008731C2 /* HomeNewProductView.swift */ = {isa = PBXFileReference; lastKnownFileType = sourcecode.swift; path = HomeNewProductView.swift; sourceTree = "<group>"; };
		D230CD9329C19D6E008731C2 /* HomeBestViewController.swift */ = {isa = PBXFileReference; lastKnownFileType = sourcecode.swift; path = HomeBestViewController.swift; sourceTree = "<group>"; };
		D230CD9529C19D94008731C2 /* HomeThritfyShoppingViewController.swift */ = {isa = PBXFileReference; lastKnownFileType = sourcecode.swift; path = HomeThritfyShoppingViewController.swift; sourceTree = "<group>"; };
		D230CD9729C19DAB008731C2 /* HomeDiscountViewController.swift */ = {isa = PBXFileReference; lastKnownFileType = sourcecode.swift; path = HomeDiscountViewController.swift; sourceTree = "<group>"; };
		D230CD9929C19E01008731C2 /* HomeBestView.swift */ = {isa = PBXFileReference; lastKnownFileType = sourcecode.swift; path = HomeBestView.swift; sourceTree = "<group>"; };
		D230CD9B29C19E14008731C2 /* HomeThriftyShoppingView.swift */ = {isa = PBXFileReference; lastKnownFileType = sourcecode.swift; path = HomeThriftyShoppingView.swift; sourceTree = "<group>"; };
		D230CD9D29C19E23008731C2 /* HomeDiscountView.swift */ = {isa = PBXFileReference; lastKnownFileType = sourcecode.swift; path = HomeDiscountView.swift; sourceTree = "<group>"; };
		D2B4F8FA29B7B1CC008D7A38 /* HidiKurly.app */ = {isa = PBXFileReference; explicitFileType = wrapper.application; includeInIndex = 0; path = HidiKurly.app; sourceTree = BUILT_PRODUCTS_DIR; };
		D2B4F8FD29B7B1CC008D7A38 /* AppDelegate.swift */ = {isa = PBXFileReference; lastKnownFileType = sourcecode.swift; path = AppDelegate.swift; sourceTree = "<group>"; };
		D2B4F8FF29B7B1CC008D7A38 /* SceneDelegate.swift */ = {isa = PBXFileReference; lastKnownFileType = sourcecode.swift; path = SceneDelegate.swift; sourceTree = "<group>"; };
		D2B4F90429B7B1CC008D7A38 /* Base */ = {isa = PBXFileReference; lastKnownFileType = file.storyboard; name = Base; path = Base.lproj/Main.storyboard; sourceTree = "<group>"; };
		D2B4F90629B7B1CD008D7A38 /* Assets.xcassets */ = {isa = PBXFileReference; lastKnownFileType = folder.assetcatalog; path = Assets.xcassets; sourceTree = "<group>"; };
		D2B4F90929B7B1CD008D7A38 /* Base */ = {isa = PBXFileReference; lastKnownFileType = file.storyboard; name = Base; path = Base.lproj/LaunchScreen.storyboard; sourceTree = "<group>"; };
		D2B4F90B29B7B1CD008D7A38 /* Info.plist */ = {isa = PBXFileReference; lastKnownFileType = text.plist.xml; path = Info.plist; sourceTree = "<group>"; };
		D2B4F92229B8175E008D7A38 /* UIView+.swift */ = {isa = PBXFileReference; lastKnownFileType = sourcecode.swift; path = "UIView+.swift"; sourceTree = "<group>"; };
		D2B4F92429B81792008D7A38 /* UITableViewCell+.swift */ = {isa = PBXFileReference; lastKnownFileType = sourcecode.swift; path = "UITableViewCell+.swift"; sourceTree = "<group>"; };
		D2B4F92629B817AC008D7A38 /* UICollectionViewCell+.swift */ = {isa = PBXFileReference; lastKnownFileType = sourcecode.swift; path = "UICollectionViewCell+.swift"; sourceTree = "<group>"; };
		D2B4F92829B817D0008D7A38 /* UITextField+.swift */ = {isa = PBXFileReference; lastKnownFileType = sourcecode.swift; path = "UITextField+.swift"; sourceTree = "<group>"; };
		D2B4F92A29B81810008D7A38 /* UICollectionReusableView.swift */ = {isa = PBXFileReference; lastKnownFileType = sourcecode.swift; path = UICollectionReusableView.swift; sourceTree = "<group>"; };
		D2B4F92C29B81831008D7A38 /* UITableViewHeaderFooterView.swift */ = {isa = PBXFileReference; lastKnownFileType = sourcecode.swift; path = UITableViewHeaderFooterView.swift; sourceTree = "<group>"; };
		D2CF3E5B29C168D300EAFCC3 /* HomeTopbarView.swift */ = {isa = PBXFileReference; lastKnownFileType = sourcecode.swift; path = HomeTopbarView.swift; sourceTree = "<group>"; };
		D2CF3E5D29C16A0C00EAFCC3 /* SharpTabbarView.swift */ = {isa = PBXFileReference; lastKnownFileType = sourcecode.swift; path = SharpTabbarView.swift; sourceTree = "<group>"; };
		D2CF3E5F29C16A2700EAFCC3 /* MenuTabbarView.swift */ = {isa = PBXFileReference; lastKnownFileType = sourcecode.swift; path = MenuTabbarView.swift; sourceTree = "<group>"; };
		D2CF3E6129C16A3500EAFCC3 /* MyTabbarView.swift */ = {isa = PBXFileReference; lastKnownFileType = sourcecode.swift; path = MyTabbarView.swift; sourceTree = "<group>"; };
		D2CF3E6329C16A5000EAFCC3 /* SearchTabbarView.swift */ = {isa = PBXFileReference; lastKnownFileType = sourcecode.swift; path = SearchTabbarView.swift; sourceTree = "<group>"; };
		D2D794FC29BF8DDD00F11693 /* SearchTabBarController.swift */ = {isa = PBXFileReference; lastKnownFileType = sourcecode.swift; path = SearchTabBarController.swift; sourceTree = "<group>"; };
		D2D794FE29BF8E1500F11693 /* MyTabBarController.swift */ = {isa = PBXFileReference; lastKnownFileType = sourcecode.swift; path = MyTabBarController.swift; sourceTree = "<group>"; };
		D2D7950029BF8E2D00F11693 /* MenuTabBarController.swift */ = {isa = PBXFileReference; lastKnownFileType = sourcecode.swift; path = MenuTabBarController.swift; sourceTree = "<group>"; };
		D2D7950229BF8E4200F11693 /* SharpTabBarController.swift */ = {isa = PBXFileReference; lastKnownFileType = sourcecode.swift; path = SharpTabBarController.swift; sourceTree = "<group>"; };
		D2D7950429BF8E5A00F11693 /* HomeViewController.swift */ = {isa = PBXFileReference; lastKnownFileType = sourcecode.swift; path = HomeViewController.swift; sourceTree = "<group>"; };
		D2D7950629BF8E7400F11693 /* KurlyTabBarController.swift */ = {isa = PBXFileReference; lastKnownFileType = sourcecode.swift; path = KurlyTabBarController.swift; sourceTree = "<group>"; };
		D2D7950829BF8FBB00F11693 /* Image.swift */ = {isa = PBXFileReference; lastKnownFileType = sourcecode.swift; path = Image.swift; sourceTree = "<group>"; };
		D2D7950A29BF923300F11693 /* BaseViewController.swift */ = {isa = PBXFileReference; lastKnownFileType = sourcecode.swift; path = BaseViewController.swift; sourceTree = "<group>"; };
		D2E4C53329C1C92F00695B1E /* HomePageTabbarCollectionViewCell.swift */ = {isa = PBXFileReference; lastKnownFileType = sourcecode.swift; path = HomePageTabbarCollectionViewCell.swift; sourceTree = "<group>"; };
		D2E4C53629C3799E00695B1E /* HomePageTabbarModel.swift */ = {isa = PBXFileReference; lastKnownFileType = sourcecode.swift; path = HomePageTabbarModel.swift; sourceTree = "<group>"; };
		D2E4C53829C4131400695B1E /* HomePageTabbarViewModel.swift */ = {isa = PBXFileReference; lastKnownFileType = sourcecode.swift; path = HomePageTabbarViewModel.swift; sourceTree = "<group>"; };
/* End PBXFileReference section */

/* Begin PBXFrameworksBuildPhase section */
		D2B4F8F729B7B1CC008D7A38 /* Frameworks */ = {
			isa = PBXFrameworksBuildPhase;
			buildActionMask = 2147483647;
			files = (
				D2B4F93029B81B10008D7A38 /* Then in Frameworks */,
				D2B4F93329B81B2D008D7A38 /* SnapKit in Frameworks */,
			);
			runOnlyForDeploymentPostprocessing = 0;
		};
/* End PBXFrameworksBuildPhase section */

/* Begin PBXGroup section */
		D22C784F29CA11FC007B2C1D /* Cell */ = {
			isa = PBXGroup;
			children = (
				D22C785629CA9570007B2C1D /* SectionCell */,
				D22C785429CA1280007B2C1D /* HomeNewProductCollectionViewCell.swift */,
				D22C785729CA9594007B2C1D /* HomeNewCategoryCollectionViewCell.swift */,
				D22C785929CA95A8007B2C1D /* HomeNewCategoryHeaderView.swift */,
			);
			path = Cell;
			sourceTree = "<group>";
		};
		D22C785629CA9570007B2C1D /* SectionCell */ = {
			isa = PBXGroup;
			children = (
				D22C785229CA126D007B2C1D /* HomeNewCategorySectionCollectionViewCell.swift */,
				D22C785029CA124B007B2C1D /* HomeNewProductSectionCollectionViewCell.swift */,
				D22C785B29CA9964007B2C1D /* HomeNewADSectionCollectionViewCell.swift */,
			);
			path = SectionCell;
			sourceTree = "<group>";
		};
		D230CD8B29C18BA3008731C2 /* HomeNewProduct */ = {
			isa = PBXGroup;
			children = (
				D22C784F29CA11FC007B2C1D /* Cell */,
				D230CD8C29C18BD6008731C2 /* HomeNewViewController.swift */,
				D230CD8E29C18BE6008731C2 /* HomeNewProductView.swift */,
			);
			path = HomeNewProduct;
			sourceTree = "<group>";
		};
		D230CD9029C19C4A008731C2 /* HomeBestProduct */ = {
			isa = PBXGroup;
			children = (
				D230CD9329C19D6E008731C2 /* HomeBestViewController.swift */,
				D230CD9929C19E01008731C2 /* HomeBestView.swift */,
			);
			path = HomeBestProduct;
			sourceTree = "<group>";
		};
		D230CD9129C19CD3008731C2 /* HomeThriftyShopping */ = {
			isa = PBXGroup;
			children = (
				D230CD9529C19D94008731C2 /* HomeThritfyShoppingViewController.swift */,
				D230CD9B29C19E14008731C2 /* HomeThriftyShoppingView.swift */,
			);
			path = HomeThriftyShopping;
			sourceTree = "<group>";
		};
		D230CD9229C19D41008731C2 /* HomeDiscountProduct */ = {
			isa = PBXGroup;
			children = (
				D230CD9729C19DAB008731C2 /* HomeDiscountViewController.swift */,
				D230CD9D29C19E23008731C2 /* HomeDiscountView.swift */,
			);
			path = HomeDiscountProduct;
			sourceTree = "<group>";
		};
		D2B4F8F129B7B1CC008D7A38 = {
			isa = PBXGroup;
			children = (
				D2B4F8FC29B7B1CC008D7A38 /* HidiKurly */,
				D2B4F8FB29B7B1CC008D7A38 /* Products */,
			);
			sourceTree = "<group>";
		};
		D2B4F8FB29B7B1CC008D7A38 /* Products */ = {
			isa = PBXGroup;
			children = (
				D2B4F8FA29B7B1CC008D7A38 /* HidiKurly.app */,
			);
			name = Products;
			sourceTree = "<group>";
		};
		D2B4F8FC29B7B1CC008D7A38 /* HidiKurly */ = {
			isa = PBXGroup;
			children = (
				D2B4F90B29B7B1CD008D7A38 /* Info.plist */,
				D2B4F91629B7B58F008D7A38 /* Resource */,
				D2B4F91529B7B586008D7A38 /* Presentation */,
				D2B4F91429B7B57A008D7A38 /* Network */,
				D2B4F91329B7B573008D7A38 /* Global */,
				D2B4F91229B7B568008D7A38 /* Data */,
				D2B4F91129B7B556008D7A38 /* Application */,
			);
			path = HidiKurly;
			sourceTree = "<group>";
		};
		D2B4F91129B7B556008D7A38 /* Application */ = {
			isa = PBXGroup;
			children = (
				D2B4F90829B7B1CD008D7A38 /* LaunchScreen.storyboard */,
				D2B4F90329B7B1CC008D7A38 /* Main.storyboard */,
				D2B4F8FF29B7B1CC008D7A38 /* SceneDelegate.swift */,
				D2B4F8FD29B7B1CC008D7A38 /* AppDelegate.swift */,
			);
			path = Application;
			sourceTree = "<group>";
		};
		D2B4F91229B7B568008D7A38 /* Data */ = {
			isa = PBXGroup;
			children = (
				D2E4C53529C3796700695B1E /* Home */,
			);
			path = Data;
			sourceTree = "<group>";
		};
		D2B4F91329B7B573008D7A38 /* Global */ = {
			isa = PBXGroup;
			children = (
				D2B4F91929B7B5DB008D7A38 /* Extension */,
				D2B4F91829B7B5CB008D7A38 /* Constant */,
			);
			path = Global;
			sourceTree = "<group>";
		};
		D2B4F91429B7B57A008D7A38 /* Network */ = {
			isa = PBXGroup;
			children = (
			);
			path = Network;
			sourceTree = "<group>";
		};
		D2B4F91529B7B586008D7A38 /* Presentation */ = {
			isa = PBXGroup;
			children = (
				D2B4F92129B8164F008D7A38 /* Search */,
				D2B4F92029B81635008D7A38 /* My */,
				D2B4F91F29B8161D008D7A38 /* Menu */,
				D2B4F91E29B815FD008D7A38 /* Sharp */,
				D2B4F91D29B815F6008D7A38 /* Home */,
				D2B4F91729B7B5B6008D7A38 /* Base */,
			);
			path = Presentation;
			sourceTree = "<group>";
		};
		D2B4F91629B7B58F008D7A38 /* Resource */ = {
			isa = PBXGroup;
			children = (
				D2B4F91A29B7B5F1008D7A38 /* Font */,
				D2B4F90629B7B1CD008D7A38 /* Assets.xcassets */,
			);
			path = Resource;
			sourceTree = "<group>";
		};
		D2B4F91729B7B5B6008D7A38 /* Base */ = {
			isa = PBXGroup;
			children = (
				D2D7950629BF8E7400F11693 /* KurlyTabBarController.swift */,
				D2D7950A29BF923300F11693 /* BaseViewController.swift */,
			);
			path = Base;
			sourceTree = "<group>";
		};
		D2B4F91829B7B5CB008D7A38 /* Constant */ = {
			isa = PBXGroup;
			children = (
				D2B4F91B29B7B608008D7A38 /* Device */,
				D2D7950829BF8FBB00F11693 /* Image.swift */,
			);
			path = Constant;
			sourceTree = "<group>";
		};
		D2B4F91929B7B5DB008D7A38 /* Extension */ = {
			isa = PBXGroup;
			children = (
				D2B4F92229B8175E008D7A38 /* UIView+.swift */,
				D2B4F92429B81792008D7A38 /* UITableViewCell+.swift */,
				D2B4F92629B817AC008D7A38 /* UICollectionViewCell+.swift */,
				D2B4F92829B817D0008D7A38 /* UITextField+.swift */,
				D2B4F92A29B81810008D7A38 /* UICollectionReusableView.swift */,
				D2B4F92C29B81831008D7A38 /* UITableViewHeaderFooterView.swift */,
			);
			path = Extension;
			sourceTree = "<group>";
		};
		D2B4F91A29B7B5F1008D7A38 /* Font */ = {
			isa = PBXGroup;
			children = (
			);
			path = Font;
			sourceTree = "<group>";
		};
		D2B4F91B29B7B608008D7A38 /* Device */ = {
			isa = PBXGroup;
			children = (
			);
			path = Device;
			sourceTree = "<group>";
		};
		D2B4F91D29B815F6008D7A38 /* Home */ = {
			isa = PBXGroup;
			children = (
				D230CD9229C19D41008731C2 /* HomeDiscountProduct */,
				D230CD9129C19CD3008731C2 /* HomeThriftyShopping */,
				D230CD9029C19C4A008731C2 /* HomeBestProduct */,
				D230CD8B29C18BA3008731C2 /* HomeNewProduct */,
				D2CF3E6529C18A7F00EAFCC3 /* HomeKurlyRecommand */,
				D2D7950429BF8E5A00F11693 /* HomeViewController.swift */,
				D2CF3E5B29C168D300EAFCC3 /* HomeTopbarView.swift */,
				D2E4C53329C1C92F00695B1E /* HomePageTabbarCollectionViewCell.swift */,
			);
			path = Home;
			sourceTree = "<group>";
		};
		D2B4F91E29B815FD008D7A38 /* Sharp */ = {
			isa = PBXGroup;
			children = (
				D2D7950229BF8E4200F11693 /* SharpTabBarController.swift */,
				D2CF3E5D29C16A0C00EAFCC3 /* SharpTabbarView.swift */,
			);
			path = Sharp;
			sourceTree = "<group>";
		};
		D2B4F91F29B8161D008D7A38 /* Menu */ = {
			isa = PBXGroup;
			children = (
				D2D7950029BF8E2D00F11693 /* MenuTabBarController.swift */,
				D2CF3E5F29C16A2700EAFCC3 /* MenuTabbarView.swift */,
			);
			path = Menu;
			sourceTree = "<group>";
		};
		D2B4F92029B81635008D7A38 /* My */ = {
			isa = PBXGroup;
			children = (
				D2D794FE29BF8E1500F11693 /* MyTabBarController.swift */,
				D2CF3E6129C16A3500EAFCC3 /* MyTabbarView.swift */,
			);
			path = My;
			sourceTree = "<group>";
		};
		D2B4F92129B8164F008D7A38 /* Search */ = {
			isa = PBXGroup;
			children = (
				D2D794FC29BF8DDD00F11693 /* SearchTabBarController.swift */,
				D2CF3E6329C16A5000EAFCC3 /* SearchTabbarView.swift */,
			);
			path = Search;
			sourceTree = "<group>";
		};
		D2CF3E6529C18A7F00EAFCC3 /* HomeKurlyRecommand */ = {
			isa = PBXGroup;
			children = (
				D230CD8629C18B4D008731C2 /* HomeKurlyRecommandViewController.swift */,
				D230CD8929C18B7B008731C2 /* HomeKurlyRecommandView.swift */,
			);
			path = HomeKurlyRecommand;
			sourceTree = "<group>";
		};
		D2E4C53529C3796700695B1E /* Home */ = {
			isa = PBXGroup;
			children = (
				D2E4C53629C3799E00695B1E /* HomePageTabbarModel.swift */,
				D2E4C53829C4131400695B1E /* HomePageTabbarViewModel.swift */,
			);
			path = Home;
			sourceTree = "<group>";
		};
/* End PBXGroup section */

/* Begin PBXNativeTarget section */
		D2B4F8F929B7B1CC008D7A38 /* HidiKurly */ = {
			isa = PBXNativeTarget;
			buildConfigurationList = D2B4F90E29B7B1CD008D7A38 /* Build configuration list for PBXNativeTarget "HidiKurly" */;
			buildPhases = (
				D2B4F8F629B7B1CC008D7A38 /* Sources */,
				D2B4F8F729B7B1CC008D7A38 /* Frameworks */,
				D2B4F8F829B7B1CC008D7A38 /* Resources */,
			);
			buildRules = (
			);
			dependencies = (
			);
			name = HidiKurly;
			packageProductDependencies = (
				D2B4F92F29B81B10008D7A38 /* Then */,
				D2B4F93229B81B2D008D7A38 /* SnapKit */,
			);
			productName = HidiKurly;
			productReference = D2B4F8FA29B7B1CC008D7A38 /* HidiKurly.app */;
			productType = "com.apple.product-type.application";
		};
/* End PBXNativeTarget section */

/* Begin PBXProject section */
		D2B4F8F229B7B1CC008D7A38 /* Project object */ = {
			isa = PBXProject;
			attributes = {
				BuildIndependentTargetsInParallel = 1;
				LastSwiftUpdateCheck = 1420;
				LastUpgradeCheck = 1420;
				TargetAttributes = {
					D2B4F8F929B7B1CC008D7A38 = {
						CreatedOnToolsVersion = 14.2;
					};
				};
			};
			buildConfigurationList = D2B4F8F529B7B1CC008D7A38 /* Build configuration list for PBXProject "HidiKurly" */;
			compatibilityVersion = "Xcode 14.0";
			developmentRegion = en;
			hasScannedForEncodings = 0;
			knownRegions = (
				en,
				Base,
			);
			mainGroup = D2B4F8F129B7B1CC008D7A38;
			packageReferences = (
				D2B4F92E29B81B10008D7A38 /* XCRemoteSwiftPackageReference "Then" */,
				D2B4F93129B81B2D008D7A38 /* XCRemoteSwiftPackageReference "SnapKit" */,
			);
			productRefGroup = D2B4F8FB29B7B1CC008D7A38 /* Products */;
			projectDirPath = "";
			projectRoot = "";
			targets = (
				D2B4F8F929B7B1CC008D7A38 /* HidiKurly */,
			);
		};
/* End PBXProject section */

/* Begin PBXResourcesBuildPhase section */
		D2B4F8F829B7B1CC008D7A38 /* Resources */ = {
			isa = PBXResourcesBuildPhase;
			buildActionMask = 2147483647;
			files = (
				D2B4F90A29B7B1CD008D7A38 /* LaunchScreen.storyboard in Resources */,
				D2B4F90729B7B1CD008D7A38 /* Assets.xcassets in Resources */,
				D2B4F90529B7B1CC008D7A38 /* Main.storyboard in Resources */,
			);
			runOnlyForDeploymentPostprocessing = 0;
		};
/* End PBXResourcesBuildPhase section */

/* Begin PBXSourcesBuildPhase section */
		D2B4F8F629B7B1CC008D7A38 /* Sources */ = {
			isa = PBXSourcesBuildPhase;
			buildActionMask = 2147483647;
			files = (
				D2E4C53429C1C92F00695B1E /* HomePageTabbarCollectionViewCell.swift in Sources */,
				D230CD9829C19DAB008731C2 /* HomeDiscountViewController.swift in Sources */,
				D22C785329CA126D007B2C1D /* HomeNewCategorySectionCollectionViewCell.swift in Sources */,
				D2D7950329BF8E4200F11693 /* SharpTabBarController.swift in Sources */,
				D230CD9429C19D6E008731C2 /* HomeBestViewController.swift in Sources */,
				D2D7950729BF8E7400F11693 /* KurlyTabBarController.swift in Sources */,
				D2B4F92D29B81831008D7A38 /* UITableViewHeaderFooterView.swift in Sources */,
				D2CF3E5E29C16A0C00EAFCC3 /* SharpTabbarView.swift in Sources */,
				D2B4F92329B8175E008D7A38 /* UIView+.swift in Sources */,
				D2D7950929BF8FBB00F11693 /* Image.swift in Sources */,
				D230CD9E29C19E23008731C2 /* HomeDiscountView.swift in Sources */,
				D230CD9A29C19E01008731C2 /* HomeBestView.swift in Sources */,
				D2CF3E6229C16A3500EAFCC3 /* MyTabbarView.swift in Sources */,
				D2E4C53929C4131400695B1E /* HomePageTabbarViewModel.swift in Sources */,
				D2B4F92B29B81810008D7A38 /* UICollectionReusableView.swift in Sources */,
				D22C785C29CA9964007B2C1D /* HomeNewADSectionCollectionViewCell.swift in Sources */,
				D230CD8729C18B4D008731C2 /* HomeKurlyRecommandViewController.swift in Sources */,
				D230CD8A29C18B7B008731C2 /* HomeKurlyRecommandView.swift in Sources */,
				D2CF3E6029C16A2700EAFCC3 /* MenuTabbarView.swift in Sources */,
				D2D7950529BF8E5A00F11693 /* HomeViewController.swift in Sources */,
				D2D7950129BF8E2D00F11693 /* MenuTabBarController.swift in Sources */,
				D2B4F92529B81792008D7A38 /* UITableViewCell+.swift in Sources */,
				D2B4F8FE29B7B1CC008D7A38 /* AppDelegate.swift in Sources */,
				D22C785529CA1280007B2C1D /* HomeNewProductCollectionViewCell.swift in Sources */,
				D230CD9C29C19E14008731C2 /* HomeThriftyShoppingView.swift in Sources */,
				D2B4F92929B817D0008D7A38 /* UITextField+.swift in Sources */,
				D230CD8D29C18BD6008731C2 /* HomeNewViewController.swift in Sources */,
				D22C785829CA9594007B2C1D /* HomeNewCategoryCollectionViewCell.swift in Sources */,
				D2B4F92729B817AC008D7A38 /* UICollectionViewCell+.swift in Sources */,
				D2CF3E6429C16A5000EAFCC3 /* SearchTabbarView.swift in Sources */,
				D2CF3E5C29C168D300EAFCC3 /* HomeTopbarView.swift in Sources */,
				D2D794FD29BF8DDD00F11693 /* SearchTabBarController.swift in Sources */,
				D22C785A29CA95A8007B2C1D /* HomeNewCategoryHeaderView.swift in Sources */,
				D230CD9629C19D94008731C2 /* HomeThritfyShoppingViewController.swift in Sources */,
				D22C785129CA124B007B2C1D /* HomeNewProductSectionCollectionViewCell.swift in Sources */,
				D230CD8F29C18BE6008731C2 /* HomeNewProductView.swift in Sources */,
				D2D7950B29BF923300F11693 /* BaseViewController.swift in Sources */,
				D2B4F90029B7B1CC008D7A38 /* SceneDelegate.swift in Sources */,
				D2D794FF29BF8E1500F11693 /* MyTabBarController.swift in Sources */,
				D2E4C53729C3799E00695B1E /* HomePageTabbarModel.swift in Sources */,
			);
			runOnlyForDeploymentPostprocessing = 0;
		};
/* End PBXSourcesBuildPhase section */

/* Begin PBXVariantGroup section */
		D2B4F90329B7B1CC008D7A38 /* Main.storyboard */ = {
			isa = PBXVariantGroup;
			children = (
				D2B4F90429B7B1CC008D7A38 /* Base */,
			);
			name = Main.storyboard;
			sourceTree = "<group>";
		};
		D2B4F90829B7B1CD008D7A38 /* LaunchScreen.storyboard */ = {
			isa = PBXVariantGroup;
			children = (
				D2B4F90929B7B1CD008D7A38 /* Base */,
			);
			name = LaunchScreen.storyboard;
			sourceTree = "<group>";
		};
/* End PBXVariantGroup section */

/* Begin XCBuildConfiguration section */
		D2B4F90C29B7B1CD008D7A38 /* Debug */ = {
			isa = XCBuildConfiguration;
			buildSettings = {
				ALWAYS_SEARCH_USER_PATHS = NO;
				CLANG_ANALYZER_NONNULL = YES;
				CLANG_ANALYZER_NUMBER_OBJECT_CONVERSION = YES_AGGRESSIVE;
				CLANG_CXX_LANGUAGE_STANDARD = "gnu++20";
				CLANG_ENABLE_MODULES = YES;
				CLANG_ENABLE_OBJC_ARC = YES;
				CLANG_ENABLE_OBJC_WEAK = YES;
				CLANG_WARN_BLOCK_CAPTURE_AUTORELEASING = YES;
				CLANG_WARN_BOOL_CONVERSION = YES;
				CLANG_WARN_COMMA = YES;
				CLANG_WARN_CONSTANT_CONVERSION = YES;
				CLANG_WARN_DEPRECATED_OBJC_IMPLEMENTATIONS = YES;
				CLANG_WARN_DIRECT_OBJC_ISA_USAGE = YES_ERROR;
				CLANG_WARN_DOCUMENTATION_COMMENTS = YES;
				CLANG_WARN_EMPTY_BODY = YES;
				CLANG_WARN_ENUM_CONVERSION = YES;
				CLANG_WARN_INFINITE_RECURSION = YES;
				CLANG_WARN_INT_CONVERSION = YES;
				CLANG_WARN_NON_LITERAL_NULL_CONVERSION = YES;
				CLANG_WARN_OBJC_IMPLICIT_RETAIN_SELF = YES;
				CLANG_WARN_OBJC_LITERAL_CONVERSION = YES;
				CLANG_WARN_OBJC_ROOT_CLASS = YES_ERROR;
				CLANG_WARN_QUOTED_INCLUDE_IN_FRAMEWORK_HEADER = YES;
				CLANG_WARN_RANGE_LOOP_ANALYSIS = YES;
				CLANG_WARN_STRICT_PROTOTYPES = YES;
				CLANG_WARN_SUSPICIOUS_MOVE = YES;
				CLANG_WARN_UNGUARDED_AVAILABILITY = YES_AGGRESSIVE;
				CLANG_WARN_UNREACHABLE_CODE = YES;
				CLANG_WARN__DUPLICATE_METHOD_MATCH = YES;
				COPY_PHASE_STRIP = NO;
				DEBUG_INFORMATION_FORMAT = dwarf;
				ENABLE_STRICT_OBJC_MSGSEND = YES;
				ENABLE_TESTABILITY = YES;
				GCC_C_LANGUAGE_STANDARD = gnu11;
				GCC_DYNAMIC_NO_PIC = NO;
				GCC_NO_COMMON_BLOCKS = YES;
				GCC_OPTIMIZATION_LEVEL = 0;
				GCC_PREPROCESSOR_DEFINITIONS = (
					"DEBUG=1",
					"$(inherited)",
				);
				GCC_WARN_64_TO_32_BIT_CONVERSION = YES;
				GCC_WARN_ABOUT_RETURN_TYPE = YES_ERROR;
				GCC_WARN_UNDECLARED_SELECTOR = YES;
				GCC_WARN_UNINITIALIZED_AUTOS = YES_AGGRESSIVE;
				GCC_WARN_UNUSED_FUNCTION = YES;
				GCC_WARN_UNUSED_VARIABLE = YES;
				IPHONEOS_DEPLOYMENT_TARGET = 16.2;
				MTL_ENABLE_DEBUG_INFO = INCLUDE_SOURCE;
				MTL_FAST_MATH = YES;
				ONLY_ACTIVE_ARCH = YES;
				SDKROOT = iphoneos;
				SWIFT_ACTIVE_COMPILATION_CONDITIONS = DEBUG;
				SWIFT_OPTIMIZATION_LEVEL = "-Onone";
			};
			name = Debug;
		};
		D2B4F90D29B7B1CD008D7A38 /* Release */ = {
			isa = XCBuildConfiguration;
			buildSettings = {
				ALWAYS_SEARCH_USER_PATHS = NO;
				CLANG_ANALYZER_NONNULL = YES;
				CLANG_ANALYZER_NUMBER_OBJECT_CONVERSION = YES_AGGRESSIVE;
				CLANG_CXX_LANGUAGE_STANDARD = "gnu++20";
				CLANG_ENABLE_MODULES = YES;
				CLANG_ENABLE_OBJC_ARC = YES;
				CLANG_ENABLE_OBJC_WEAK = YES;
				CLANG_WARN_BLOCK_CAPTURE_AUTORELEASING = YES;
				CLANG_WARN_BOOL_CONVERSION = YES;
				CLANG_WARN_COMMA = YES;
				CLANG_WARN_CONSTANT_CONVERSION = YES;
				CLANG_WARN_DEPRECATED_OBJC_IMPLEMENTATIONS = YES;
				CLANG_WARN_DIRECT_OBJC_ISA_USAGE = YES_ERROR;
				CLANG_WARN_DOCUMENTATION_COMMENTS = YES;
				CLANG_WARN_EMPTY_BODY = YES;
				CLANG_WARN_ENUM_CONVERSION = YES;
				CLANG_WARN_INFINITE_RECURSION = YES;
				CLANG_WARN_INT_CONVERSION = YES;
				CLANG_WARN_NON_LITERAL_NULL_CONVERSION = YES;
				CLANG_WARN_OBJC_IMPLICIT_RETAIN_SELF = YES;
				CLANG_WARN_OBJC_LITERAL_CONVERSION = YES;
				CLANG_WARN_OBJC_ROOT_CLASS = YES_ERROR;
				CLANG_WARN_QUOTED_INCLUDE_IN_FRAMEWORK_HEADER = YES;
				CLANG_WARN_RANGE_LOOP_ANALYSIS = YES;
				CLANG_WARN_STRICT_PROTOTYPES = YES;
				CLANG_WARN_SUSPICIOUS_MOVE = YES;
				CLANG_WARN_UNGUARDED_AVAILABILITY = YES_AGGRESSIVE;
				CLANG_WARN_UNREACHABLE_CODE = YES;
				CLANG_WARN__DUPLICATE_METHOD_MATCH = YES;
				COPY_PHASE_STRIP = NO;
				DEBUG_INFORMATION_FORMAT = "dwarf-with-dsym";
				ENABLE_NS_ASSERTIONS = NO;
				ENABLE_STRICT_OBJC_MSGSEND = YES;
				GCC_C_LANGUAGE_STANDARD = gnu11;
				GCC_NO_COMMON_BLOCKS = YES;
				GCC_WARN_64_TO_32_BIT_CONVERSION = YES;
				GCC_WARN_ABOUT_RETURN_TYPE = YES_ERROR;
				GCC_WARN_UNDECLARED_SELECTOR = YES;
				GCC_WARN_UNINITIALIZED_AUTOS = YES_AGGRESSIVE;
				GCC_WARN_UNUSED_FUNCTION = YES;
				GCC_WARN_UNUSED_VARIABLE = YES;
				IPHONEOS_DEPLOYMENT_TARGET = 16.2;
				MTL_ENABLE_DEBUG_INFO = NO;
				MTL_FAST_MATH = YES;
				SDKROOT = iphoneos;
				SWIFT_COMPILATION_MODE = wholemodule;
				SWIFT_OPTIMIZATION_LEVEL = "-O";
				VALIDATE_PRODUCT = YES;
			};
			name = Release;
		};
		D2B4F90F29B7B1CD008D7A38 /* Debug */ = {
			isa = XCBuildConfiguration;
			buildSettings = {
				ASSETCATALOG_COMPILER_APPICON_NAME = AppIcon;
				ASSETCATALOG_COMPILER_GLOBAL_ACCENT_COLOR_NAME = AccentColor;
				CODE_SIGN_STYLE = Automatic;
				CURRENT_PROJECT_VERSION = 1;
				DEVELOPMENT_TEAM = 27VUFHH5W2;
				GENERATE_INFOPLIST_FILE = YES;
				INFOPLIST_FILE = HidiKurly/Info.plist;
				INFOPLIST_KEY_UIApplicationSupportsIndirectInputEvents = YES;
				INFOPLIST_KEY_UILaunchStoryboardName = LaunchScreen;
				INFOPLIST_KEY_UIMainStoryboardFile = Main;
				INFOPLIST_KEY_UISupportedInterfaceOrientations_iPad = "UIInterfaceOrientationPortrait UIInterfaceOrientationPortraitUpsideDown UIInterfaceOrientationLandscapeLeft UIInterfaceOrientationLandscapeRight";
				INFOPLIST_KEY_UISupportedInterfaceOrientations_iPhone = "UIInterfaceOrientationPortrait UIInterfaceOrientationLandscapeLeft UIInterfaceOrientationLandscapeRight";
				LD_RUNPATH_SEARCH_PATHS = (
					"$(inherited)",
					"@executable_path/Frameworks",
				);
				MARKETING_VERSION = 1.0;
				PRODUCT_BUNDLE_IDENTIFIER = HidiKurly.HidiKurly;
				PRODUCT_NAME = "$(TARGET_NAME)";
				SWIFT_EMIT_LOC_STRINGS = YES;
				SWIFT_VERSION = 5.0;
				TARGETED_DEVICE_FAMILY = "1,2";
			};
			name = Debug;
		};
		D2B4F91029B7B1CD008D7A38 /* Release */ = {
			isa = XCBuildConfiguration;
			buildSettings = {
				ASSETCATALOG_COMPILER_APPICON_NAME = AppIcon;
				ASSETCATALOG_COMPILER_GLOBAL_ACCENT_COLOR_NAME = AccentColor;
				CODE_SIGN_STYLE = Automatic;
				CURRENT_PROJECT_VERSION = 1;
				DEVELOPMENT_TEAM = 27VUFHH5W2;
				GENERATE_INFOPLIST_FILE = YES;
				INFOPLIST_FILE = HidiKurly/Info.plist;
				INFOPLIST_KEY_UIApplicationSupportsIndirectInputEvents = YES;
				INFOPLIST_KEY_UILaunchStoryboardName = LaunchScreen;
				INFOPLIST_KEY_UIMainStoryboardFile = Main;
				INFOPLIST_KEY_UISupportedInterfaceOrientations_iPad = "UIInterfaceOrientationPortrait UIInterfaceOrientationPortraitUpsideDown UIInterfaceOrientationLandscapeLeft UIInterfaceOrientationLandscapeRight";
				INFOPLIST_KEY_UISupportedInterfaceOrientations_iPhone = "UIInterfaceOrientationPortrait UIInterfaceOrientationLandscapeLeft UIInterfaceOrientationLandscapeRight";
				LD_RUNPATH_SEARCH_PATHS = (
					"$(inherited)",
					"@executable_path/Frameworks",
				);
				MARKETING_VERSION = 1.0;
				PRODUCT_BUNDLE_IDENTIFIER = HidiKurly.HidiKurly;
				PRODUCT_NAME = "$(TARGET_NAME)";
				SWIFT_EMIT_LOC_STRINGS = YES;
				SWIFT_VERSION = 5.0;
				TARGETED_DEVICE_FAMILY = "1,2";
			};
			name = Release;
		};
/* End XCBuildConfiguration section */

/* Begin XCConfigurationList section */
		D2B4F8F529B7B1CC008D7A38 /* Build configuration list for PBXProject "HidiKurly" */ = {
			isa = XCConfigurationList;
			buildConfigurations = (
				D2B4F90C29B7B1CD008D7A38 /* Debug */,
				D2B4F90D29B7B1CD008D7A38 /* Release */,
			);
			defaultConfigurationIsVisible = 0;
			defaultConfigurationName = Release;
		};
		D2B4F90E29B7B1CD008D7A38 /* Build configuration list for PBXNativeTarget "HidiKurly" */ = {
			isa = XCConfigurationList;
			buildConfigurations = (
				D2B4F90F29B7B1CD008D7A38 /* Debug */,
				D2B4F91029B7B1CD008D7A38 /* Release */,
			);
			defaultConfigurationIsVisible = 0;
			defaultConfigurationName = Release;
		};
/* End XCConfigurationList section */

/* Begin XCRemoteSwiftPackageReference section */
		D2B4F92E29B81B10008D7A38 /* XCRemoteSwiftPackageReference "Then" */ = {
			isa = XCRemoteSwiftPackageReference;
			repositoryURL = "https://github.com/devxoul/Then";
			requirement = {
				branch = master;
				kind = branch;
			};
		};
		D2B4F93129B81B2D008D7A38 /* XCRemoteSwiftPackageReference "SnapKit" */ = {
			isa = XCRemoteSwiftPackageReference;
			repositoryURL = "https://github.com/SnapKit/SnapKit.git";
			requirement = {
				branch = develop;
				kind = branch;
			};
		};
/* End XCRemoteSwiftPackageReference section */

/* Begin XCSwiftPackageProductDependency section */
		D2B4F92F29B81B10008D7A38 /* Then */ = {
			isa = XCSwiftPackageProductDependency;
			package = D2B4F92E29B81B10008D7A38 /* XCRemoteSwiftPackageReference "Then" */;
			productName = Then;
		};
		D2B4F93229B81B2D008D7A38 /* SnapKit */ = {
			isa = XCSwiftPackageProductDependency;
			package = D2B4F93129B81B2D008D7A38 /* XCRemoteSwiftPackageReference "SnapKit" */;
			productName = SnapKit;
		};
/* End XCSwiftPackageProductDependency section */
	};
	rootObject = D2B4F8F229B7B1CC008D7A38 /* Project object */;
}
